
Microsoft Visual Studio Solution File, Format Version 12.00
# Visual Studio 15
VisualStudioVersion = 15.0.28307.852
MinimumVisualStudioVersion = 10.0.40219.1
Project("{FAE04EC0-301F-11D3-BF4B-00C04F79EFBC}") = "Pregunta4", "Pregunta4\Pregunta4.csproj", "{8645A1E3-3A56-444F-B8ED-F28E3CB77E7A}"
EndProject
Global
	GlobalSection(SolutionConfigurationPlatforms) = preSolution
		Debug|Any CPU = Debug|Any CPU
		Release|Any CPU = Release|Any CPU
	EndGlobalSection
	GlobalSection(ProjectConfigurationPlatforms) = postSolution
		{8645A1E3-3A56-444F-B8ED-F28E3CB77E7A}.Debug|Any CPU.ActiveCfg = Debug|Any CPU
		{8645A1E3-3A56-444F-B8ED-F28E3CB77E7A}.Debug|Any CPU.Build.0 = Debug|Any CPU
		{8645A1E3-3A56-444F-B8ED-F28E3CB77E7A}.Release|Any CPU.ActiveCfg = Release|Any CPU
		{8645A1E3-3A56-444F-B8ED-F28E3CB77E7A}.Release|Any CPU.Build.0 = Release|Any CPU
	EndGlobalSection
	GlobalSection(SolutionProperties) = preSolution
		HideSolutionNode = FALSE
	EndGlobalSection
	GlobalSection(ExtensibilityGlobals) = postSolution
		SolutionGuid = {46129AFB-F7AE-4907-9386-CD209685E838}
	EndGlobalSection
EndGlobal
