
Microsoft Visual Studio Solution File, Format Version 12.00
# Visual Studio 15
VisualStudioVersion = 15.0.28307.852
MinimumVisualStudioVersion = 10.0.40219.1
Project("{FAE04EC0-301F-11D3-BF4B-00C04F79EFBC}") = "Pregunta8", "Pregunta8\Pregunta8.csproj", "{3AA2A8E2-5499-4E87-988C-1DADCE81EBCD}"
EndProject
Global
	GlobalSection(SolutionConfigurationPlatforms) = preSolution
		Debug|Any CPU = Debug|Any CPU
		Release|Any CPU = Release|Any CPU
	EndGlobalSection
	GlobalSection(ProjectConfigurationPlatforms) = postSolution
		{3AA2A8E2-5499-4E87-988C-1DADCE81EBCD}.Debug|Any CPU.ActiveCfg = Debug|Any CPU
		{3AA2A8E2-5499-4E87-988C-1DADCE81EBCD}.Debug|Any CPU.Build.0 = Debug|Any CPU
		{3AA2A8E2-5499-4E87-988C-1DADCE81EBCD}.Release|Any CPU.ActiveCfg = Release|Any CPU
		{3AA2A8E2-5499-4E87-988C-1DADCE81EBCD}.Release|Any CPU.Build.0 = Release|Any CPU
	EndGlobalSection
	GlobalSection(SolutionProperties) = preSolution
		HideSolutionNode = FALSE
	EndGlobalSection
	GlobalSection(ExtensibilityGlobals) = postSolution
		SolutionGuid = {69E794F2-E943-4C02-B15C-3E572C396468}
	EndGlobalSection
EndGlobal
