
Microsoft Visual Studio Solution File, Format Version 12.00
# Visual Studio 15
VisualStudioVersion = 15.0.28307.852
MinimumVisualStudioVersion = 10.0.40219.1
Project("{FAE04EC0-301F-11D3-BF4B-00C04F79EFBC}") = "Cola", "Cola\Cola.csproj", "{4DB76792-97D1-40A0-B5CE-3DDAFFBEA1A4}"
EndProject
Global
	GlobalSection(SolutionConfigurationPlatforms) = preSolution
		Debug|Any CPU = Debug|Any CPU
		Release|Any CPU = Release|Any CPU
	EndGlobalSection
	GlobalSection(ProjectConfigurationPlatforms) = postSolution
		{4DB76792-97D1-40A0-B5CE-3DDAFFBEA1A4}.Debug|Any CPU.ActiveCfg = Debug|Any CPU
		{4DB76792-97D1-40A0-B5CE-3DDAFFBEA1A4}.Debug|Any CPU.Build.0 = Debug|Any CPU
		{4DB76792-97D1-40A0-B5CE-3DDAFFBEA1A4}.Release|Any CPU.ActiveCfg = Release|Any CPU
		{4DB76792-97D1-40A0-B5CE-3DDAFFBEA1A4}.Release|Any CPU.Build.0 = Release|Any CPU
	EndGlobalSection
	GlobalSection(SolutionProperties) = preSolution
		HideSolutionNode = FALSE
	EndGlobalSection
	GlobalSection(ExtensibilityGlobals) = postSolution
		SolutionGuid = {BE811F1C-079F-429E-8571-8E9D91310121}
	EndGlobalSection
EndGlobal
