
Microsoft Visual Studio Solution File, Format Version 12.00
# Visual Studio 15
VisualStudioVersion = 15.0.28307.852
MinimumVisualStudioVersion = 10.0.40219.1
Project("{FAE04EC0-301F-11D3-BF4B-00C04F79EFBC}") = "Ventas", "Ventas\Ventas.csproj", "{949F82B9-9A7F-42AE-8102-9F1881C3BD3E}"
EndProject
Global
	GlobalSection(SolutionConfigurationPlatforms) = preSolution
		Debug|Any CPU = Debug|Any CPU
		Release|Any CPU = Release|Any CPU
	EndGlobalSection
	GlobalSection(ProjectConfigurationPlatforms) = postSolution
		{949F82B9-9A7F-42AE-8102-9F1881C3BD3E}.Debug|Any CPU.ActiveCfg = Debug|Any CPU
		{949F82B9-9A7F-42AE-8102-9F1881C3BD3E}.Debug|Any CPU.Build.0 = Debug|Any CPU
		{949F82B9-9A7F-42AE-8102-9F1881C3BD3E}.Release|Any CPU.ActiveCfg = Release|Any CPU
		{949F82B9-9A7F-42AE-8102-9F1881C3BD3E}.Release|Any CPU.Build.0 = Release|Any CPU
	EndGlobalSection
	GlobalSection(SolutionProperties) = preSolution
		HideSolutionNode = FALSE
	EndGlobalSection
	GlobalSection(ExtensibilityGlobals) = postSolution
		SolutionGuid = {B62CE746-0FA7-4A7D-B473-9242D032A38F}
	EndGlobalSection
EndGlobal
