
Microsoft Visual Studio Solution File, Format Version 12.00
# Visual Studio 15
VisualStudioVersion = 15.0.28307.852
MinimumVisualStudioVersion = 10.0.40219.1
Project("{FAE04EC0-301F-11D3-BF4B-00C04F79EFBC}") = "Pila", "Pila\Pila.csproj", "{253F1259-4514-41F5-A28E-19DE1553A96E}"
EndProject
Global
	GlobalSection(SolutionConfigurationPlatforms) = preSolution
		Debug|Any CPU = Debug|Any CPU
		Release|Any CPU = Release|Any CPU
	EndGlobalSection
	GlobalSection(ProjectConfigurationPlatforms) = postSolution
		{253F1259-4514-41F5-A28E-19DE1553A96E}.Debug|Any CPU.ActiveCfg = Debug|Any CPU
		{253F1259-4514-41F5-A28E-19DE1553A96E}.Debug|Any CPU.Build.0 = Debug|Any CPU
		{253F1259-4514-41F5-A28E-19DE1553A96E}.Release|Any CPU.ActiveCfg = Release|Any CPU
		{253F1259-4514-41F5-A28E-19DE1553A96E}.Release|Any CPU.Build.0 = Release|Any CPU
	EndGlobalSection
	GlobalSection(SolutionProperties) = preSolution
		HideSolutionNode = FALSE
	EndGlobalSection
	GlobalSection(ExtensibilityGlobals) = postSolution
		SolutionGuid = {BAAC955A-4936-494A-9C13-E69F63741965}
	EndGlobalSection
EndGlobal
